// !$*UTF8*$!
{
	archiveVersion = 1;
	classes = {
	};
	objectVersion = 55;
	objects = {

/* Begin PBXBuildFile section */
		594F5E8F2A9BEFEE0081031C /* AppDelegate.swift in Sources */ = {isa = PBXBuildFile; fileRef = 594F5E8E2A9BEFEE0081031C /* AppDelegate.swift */; };
		594F5E912A9BEFEE0081031C /* SceneDelegate.swift in Sources */ = {isa = PBXBuildFile; fileRef = 594F5E902A9BEFEE0081031C /* SceneDelegate.swift */; };
		594F5E932A9BEFEE0081031C /* ViewController.swift in Sources */ = {isa = PBXBuildFile; fileRef = 594F5E922A9BEFEE0081031C /* ViewController.swift */; };
		594F5E962A9BEFEE0081031C /* Main.storyboard in Resources */ = {isa = PBXBuildFile; fileRef = 594F5E942A9BEFEE0081031C /* Main.storyboard */; };
		594F5E982A9BEFF20081031C /* Assets.xcassets in Resources */ = {isa = PBXBuildFile; fileRef = 594F5E972A9BEFF20081031C /* Assets.xcassets */; };
		594F5E9B2A9BEFF20081031C /* LaunchScreen.storyboard in Resources */ = {isa = PBXBuildFile; fileRef = 594F5E992A9BEFF20081031C /* LaunchScreen.storyboard */; };
		594F5EA62A9BEFF20081031C /* CounterTests.swift in Sources */ = {isa = PBXBuildFile; fileRef = 594F5EA52A9BEFF20081031C /* CounterTests.swift */; };
		594F5EB02A9BEFF30081031C /* CounterUITests.swift in Sources */ = {isa = PBXBuildFile; fileRef = 594F5EAF2A9BEFF30081031C /* CounterUITests.swift */; };
		594F5EB22A9BEFF30081031C /* CounterUITestsLaunchTests.swift in Sources */ = {isa = PBXBuildFile; fileRef = 594F5EB12A9BEFF30081031C /* CounterUITestsLaunchTests.swift */; };
/* End PBXBuildFile section */

/* Begin PBXContainerItemProxy section */
		594F5EA22A9BEFF20081031C /* PBXContainerItemProxy */ = {
			isa = PBXContainerItemProxy;
			containerPortal = 594F5E832A9BEFEE0081031C /* Project object */;
			proxyType = 1;
			remoteGlobalIDString = 594F5E8A2A9BEFEE0081031C;
			remoteInfo = Counter;
		};
		594F5EAC2A9BEFF30081031C /* PBXContainerItemProxy */ = {
			isa = PBXContainerItemProxy;
			containerPortal = 594F5E832A9BEFEE0081031C /* Project object */;
			proxyType = 1;
			remoteGlobalIDString = 594F5E8A2A9BEFEE0081031C;
			remoteInfo = Counter;
		};
/* End PBXContainerItemProxy section */

/* Begin PBXFileReference section */
		594F5E8B2A9BEFEE0081031C /* Counter.app */ = {isa = PBXFileReference; explicitFileType = wrapper.application; includeInIndex = 0; path = Counter.app; sourceTree = BUILT_PRODUCTS_DIR; };
		594F5E8E2A9BEFEE0081031C /* AppDelegate.swift */ = {isa = PBXFileReference; lastKnownFileType = sourcecode.swift; path = AppDelegate.swift; sourceTree = "<group>"; };
		594F5E902A9BEFEE0081031C /* SceneDelegate.swift */ = {isa = PBXFileReference; lastKnownFileType = sourcecode.swift; path = SceneDelegate.swift; sourceTree = "<group>"; };
		594F5E922A9BEFEE0081031C /* ViewController.swift */ = {isa = PBXFileReference; lastKnownFileType = sourcecode.swift; path = ViewController.swift; sourceTree = "<group>"; };
		594F5E952A9BEFEE0081031C /* Base */ = {isa = PBXFileReference; lastKnownFileType = file.storyboard; name = Base; path = Base.lproj/Main.storyboard; sourceTree = "<group>"; };
		594F5E972A9BEFF20081031C /* Assets.xcassets */ = {isa = PBXFileReference; lastKnownFileType = folder.assetcatalog; path = Assets.xcassets; sourceTree = "<group>"; };
		594F5E9A2A9BEFF20081031C /* Base */ = {isa = PBXFileReference; lastKnownFileType = file.storyboard; name = Base; path = Base.lproj/LaunchScreen.storyboard; sourceTree = "<group>"; };
		594F5E9C2A9BEFF20081031C /* Info.plist */ = {isa = PBXFileReference; lastKnownFileType = text.plist.xml; path = Info.plist; sourceTree = "<group>"; };
		594F5EA12A9BEFF20081031C /* CounterTests.xctest */ = {isa = PBXFileReference; explicitFileType = wrapper.cfbundle; includeInIndex = 0; path = CounterTests.xctest; sourceTree = BUILT_PRODUCTS_DIR; };
		594F5EA52A9BEFF20081031C /* CounterTests.swift */ = {isa = PBXFileReference; lastKnownFileType = sourcecode.swift; path = CounterTests.swift; sourceTree = "<group>"; };
		594F5EAB2A9BEFF30081031C /* CounterUITests.xctest */ = {isa = PBXFileReference; explicitFileType = wrapper.cfbundle; includeInIndex = 0; path = CounterUITests.xctest; sourceTree = BUILT_PRODUCTS_DIR; };
		594F5EAF2A9BEFF30081031C /* CounterUITests.swift */ = {isa = PBXFileReference; lastKnownFileType = sourcecode.swift; path = CounterUITests.swift; sourceTree = "<group>"; };
		594F5EB12A9BEFF30081031C /* CounterUITestsLaunchTests.swift */ = {isa = PBXFileReference; lastKnownFileType = sourcecode.swift; path = CounterUITestsLaunchTests.swift; sourceTree = "<group>"; };
/* End PBXFileReference section */

/* Begin PBXFrameworksBuildPhase section */
		594F5E882A9BEFEE0081031C /* Frameworks */ = {
			isa = PBXFrameworksBuildPhase;
			buildActionMask = 2147483647;
			files = (
			);
			runOnlyForDeploymentPostprocessing = 0;
		};
		594F5E9E2A9BEFF20081031C /* Frameworks */ = {
			isa = PBXFrameworksBuildPhase;
			buildActionMask = 2147483647;
			files = (
			);
			runOnlyForDeploymentPostprocessing = 0;
		};
		594F5EA82A9BEFF30081031C /* Frameworks */ = {
			isa = PBXFrameworksBuildPhase;
			buildActionMask = 2147483647;
			files = (
			);
			runOnlyForDeploymentPostprocessing = 0;
		};
/* End PBXFrameworksBuildPhase section */

/* Begin PBXGroup section */
		594F5E822A9BEFEE0081031C = {
			isa = PBXGroup;
			children = (
				594F5E8D2A9BEFEE0081031C /* Counter */,
				594F5EA42A9BEFF20081031C /* CounterTests */,
				594F5EAE2A9BEFF30081031C /* CounterUITests */,
				594F5E8C2A9BEFEE0081031C /* Products */,
			);
			sourceTree = "<group>";
		};
		594F5E8C2A9BEFEE0081031C /* Products */ = {
			isa = PBXGroup;
			children = (
				594F5E8B2A9BEFEE0081031C /* Counter.app */,
				594F5EA12A9BEFF20081031C /* CounterTests.xctest */,
				594F5EAB2A9BEFF30081031C /* CounterUITests.xctest */,
			);
			name = Products;
			sourceTree = "<group>";
		};
		594F5E8D2A9BEFEE0081031C /* Counter */ = {
			isa = PBXGroup;
			children = (
				594F5E8E2A9BEFEE0081031C /* AppDelegate.swift */,
				594F5E902A9BEFEE0081031C /* SceneDelegate.swift */,
				594F5E922A9BEFEE0081031C /* ViewController.swift */,
				594F5E942A9BEFEE0081031C /* Main.storyboard */,
				594F5E972A9BEFF20081031C /* Assets.xcassets */,
				594F5E992A9BEFF20081031C /* LaunchScreen.storyboard */,
				594F5E9C2A9BEFF20081031C /* Info.plist */,
			);
			path = Counter;
			sourceTree = "<group>";
		};
		594F5EA42A9BEFF20081031C /* CounterTests */ = {
			isa = PBXGroup;
			children = (
				594F5EA52A9BEFF20081031C /* CounterTests.swift */,
			);
			path = CounterTests;
			sourceTree = "<group>";
		};
		594F5EAE2A9BEFF30081031C /* CounterUITests */ = {
			isa = PBXGroup;
			children = (
				594F5EAF2A9BEFF30081031C /* CounterUITests.swift */,
				594F5EB12A9BEFF30081031C /* CounterUITestsLaunchTests.swift */,
			);
			path = CounterUITests;
			sourceTree = "<group>";
		};
/* End PBXGroup section */

/* Begin PBXNativeTarget section */
		594F5E8A2A9BEFEE0081031C /* Counter */ = {
			isa = PBXNativeTarget;
			buildConfigurationList = 594F5EB52A9BEFF30081031C /* Build configuration list for PBXNativeTarget "Counter" */;
			buildPhases = (
				594F5E872A9BEFEE0081031C /* Sources */,
				594F5E882A9BEFEE0081031C /* Frameworks */,
				594F5E892A9BEFEE0081031C /* Resources */,
			);
			buildRules = (
			);
			dependencies = (
			);
			name = Counter;
			productName = Counter;
			productReference = 594F5E8B2A9BEFEE0081031C /* Counter.app */;
			productType = "com.apple.product-type.application";
		};
		594F5EA02A9BEFF20081031C /* CounterTests */ = {
			isa = PBXNativeTarget;
			buildConfigurationList = 594F5EB82A9BEFF30081031C /* Build configuration list for PBXNativeTarget "CounterTests" */;
			buildPhases = (
				594F5E9D2A9BEFF20081031C /* Sources */,
				594F5E9E2A9BEFF20081031C /* Frameworks */,
				594F5E9F2A9BEFF20081031C /* Resources */,
			);
			buildRules = (
			);
			dependencies = (
				594F5EA32A9BEFF20081031C /* PBXTargetDependency */,
			);
			name = CounterTests;
			productName = CounterTests;
			productReference = 594F5EA12A9BEFF20081031C /* CounterTests.xctest */;
			productType = "com.apple.product-type.bundle.unit-test";
		};
		594F5EAA2A9BEFF30081031C /* CounterUITests */ = {
			isa = PBXNativeTarget;
			buildConfigurationList = 594F5EBB2A9BEFF30081031C /* Build configuration list for PBXNativeTarget "CounterUITests" */;
			buildPhases = (
				594F5EA72A9BEFF30081031C /* Sources */,
				594F5EA82A9BEFF30081031C /* Frameworks */,
				594F5EA92A9BEFF30081031C /* Resources */,
			);
			buildRules = (
			);
			dependencies = (
				594F5EAD2A9BEFF30081031C /* PBXTargetDependency */,
			);
			name = CounterUITests;
			productName = CounterUITests;
			productReference = 594F5EAB2A9BEFF30081031C /* CounterUITests.xctest */;
			productType = "com.apple.product-type.bundle.ui-testing";
		};
/* End PBXNativeTarget section */

/* Begin PBXProject section */
		594F5E832A9BEFEE0081031C /* Project object */ = {
			isa = PBXProject;
			attributes = {
				BuildIndependentTargetsInParallel = 1;
				LastSwiftUpdateCheck = 1340;
				LastUpgradeCheck = 1340;
				TargetAttributes = {
					594F5E8A2A9BEFEE0081031C = {
						CreatedOnToolsVersion = 13.4.1;
					};
					594F5EA02A9BEFF20081031C = {
						CreatedOnToolsVersion = 13.4.1;
						TestTargetID = 594F5E8A2A9BEFEE0081031C;
					};
					594F5EAA2A9BEFF30081031C = {
						CreatedOnToolsVersion = 13.4.1;
						TestTargetID = 594F5E8A2A9BEFEE0081031C;
					};
				};
			};
			buildConfigurationList = 594F5E862A9BEFEE0081031C /* Build configuration list for PBXProject "Counter" */;
			compatibilityVersion = "Xcode 13.0";
			developmentRegion = en;
			hasScannedForEncodings = 0;
			knownRegions = (
				en,
				Base,
			);
			mainGroup = 594F5E822A9BEFEE0081031C;
			productRefGroup = 594F5E8C2A9BEFEE0081031C /* Products */;
			projectDirPath = "";
			projectRoot = "";
			targets = (
				594F5E8A2A9BEFEE0081031C /* Counter */,
				594F5EA02A9BEFF20081031C /* CounterTests */,
				594F5EAA2A9BEFF30081031C /* CounterUITests */,
			);
		};
/* End PBXProject section */

/* Begin PBXResourcesBuildPhase section */
		594F5E892A9BEFEE0081031C /* Resources */ = {
			isa = PBXResourcesBuildPhase;
			buildActionMask = 2147483647;
			files = (
				594F5E9B2A9BEFF20081031C /* LaunchScreen.storyboard in Resources */,
				594F5E982A9BEFF20081031C /* Assets.xcassets in Resources */,
				594F5E962A9BEFEE0081031C /* Main.storyboard in Resources */,
			);
			runOnlyForDeploymentPostprocessing = 0;
		};
		594F5E9F2A9BEFF20081031C /* Resources */ = {
			isa = PBXResourcesBuildPhase;
			buildActionMask = 2147483647;
			files = (
			);
			runOnlyForDeploymentPostprocessing = 0;
		};
		594F5EA92A9BEFF30081031C /* Resources */ = {
			isa = PBXResourcesBuildPhase;
			buildActionMask = 2147483647;
			files = (
			);
			runOnlyForDeploymentPostprocessing = 0;
		};
/* End PBXResourcesBuildPhase section */

/* Begin PBXSourcesBuildPhase section */
		594F5E872A9BEFEE0081031C /* Sources */ = {
			isa = PBXSourcesBuildPhase;
			buildActionMask = 2147483647;
			files = (
				594F5E932A9BEFEE0081031C /* ViewController.swift in Sources */,
				594F5E8F2A9BEFEE0081031C /* AppDelegate.swift in Sources */,
				594F5E912A9BEFEE0081031C /* SceneDelegate.swift in Sources */,
			);
			runOnlyForDeploymentPostprocessing = 0;
		};
		594F5E9D2A9BEFF20081031C /* Sources */ = {
			isa = PBXSourcesBuildPhase;
			buildActionMask = 2147483647;
			files = (
				594F5EA62A9BEFF20081031C /* CounterTests.swift in Sources */,
			);
			runOnlyForDeploymentPostprocessing = 0;
		};
		594F5EA72A9BEFF30081031C /* Sources */ = {
			isa = PBXSourcesBuildPhase;
			buildActionMask = 2147483647;
			files = (
				594F5EB02A9BEFF30081031C /* CounterUITests.swift in Sources */,
				594F5EB22A9BEFF30081031C /* CounterUITestsLaunchTests.swift in Sources */,
			);
			runOnlyForDeploymentPostprocessing = 0;
		};
/* End PBXSourcesBuildPhase section */

/* Begin PBXTargetDependency section */
		594F5EA32A9BEFF20081031C /* PBXTargetDependency */ = {
			isa = PBXTargetDependency;
			target = 594F5E8A2A9BEFEE0081031C /* Counter */;
			targetProxy = 594F5EA22A9BEFF20081031C /* PBXContainerItemProxy */;
		};
		594F5EAD2A9BEFF30081031C /* PBXTargetDependency */ = {
			isa = PBXTargetDependency;
			target = 594F5E8A2A9BEFEE0081031C /* Counter */;
			targetProxy = 594F5EAC2A9BEFF30081031C /* PBXContainerItemProxy */;
		};
/* End PBXTargetDependency section */

/* Begin PBXVariantGroup section */
		594F5E942A9BEFEE0081031C /* Main.storyboard */ = {
			isa = PBXVariantGroup;
			children = (
				594F5E952A9BEFEE0081031C /* Base */,
			);
			name = Main.storyboard;
			sourceTree = "<group>";
		};
		594F5E992A9BEFF20081031C /* LaunchScreen.storyboard */ = {
			isa = PBXVariantGroup;
			children = (
				594F5E9A2A9BEFF20081031C /* Base */,
			);
			name = LaunchScreen.storyboard;
			sourceTree = "<group>";
		};
/* End PBXVariantGroup section */

/* Begin XCBuildConfiguration section */
		594F5EB32A9BEFF30081031C /* Debug */ = {
			isa = XCBuildConfiguration;
			buildSettings = {
				ALWAYS_SEARCH_USER_PATHS = NO;
				CLANG_ANALYZER_NONNULL = YES;
				CLANG_ANALYZER_NUMBER_OBJECT_CONVERSION = YES_AGGRESSIVE;
				CLANG_CXX_LANGUAGE_STANDARD = "gnu++17";
				CLANG_ENABLE_MODULES = YES;
				CLANG_ENABLE_OBJC_ARC = YES;
				CLANG_ENABLE_OBJC_WEAK = YES;
				CLANG_WARN_BLOCK_CAPTURE_AUTORELEASING = YES;
				CLANG_WARN_BOOL_CONVERSION = YES;
				CLANG_WARN_COMMA = YES;
				CLANG_WARN_CONSTANT_CONVERSION = YES;
				CLANG_WARN_DEPRECATED_OBJC_IMPLEMENTATIONS = YES;
				CLANG_WARN_DIRECT_OBJC_ISA_USAGE = YES_ERROR;
				CLANG_WARN_DOCUMENTATION_COMMENTS = YES;
				CLANG_WARN_EMPTY_BODY = YES;
				CLANG_WARN_ENUM_CONVERSION = YES;
				CLANG_WARN_INFINITE_RECURSION = YES;
				CLANG_WARN_INT_CONVERSION = YES;
				CLANG_WARN_NON_LITERAL_NULL_CONVERSION = YES;
				CLANG_WARN_OBJC_IMPLICIT_RETAIN_SELF = YES;
				CLANG_WARN_OBJC_LITERAL_CONVERSION = YES;
				CLANG_WARN_OBJC_ROOT_CLASS = YES_ERROR;
				CLANG_WARN_QUOTED_INCLUDE_IN_FRAMEWORK_HEADER = YES;
				CLANG_WARN_RANGE_LOOP_ANALYSIS = YES;
				CLANG_WARN_STRICT_PROTOTYPES = YES;
				CLANG_WARN_SUSPICIOUS_MOVE = YES;
				CLANG_WARN_UNGUARDED_AVAILABILITY = YES_AGGRESSIVE;
				CLANG_WARN_UNREACHABLE_CODE = YES;
				CLANG_WARN__DUPLICATE_METHOD_MATCH = YES;
				COPY_PHASE_STRIP = NO;
				DEBUG_INFORMATION_FORMAT = dwarf;
				ENABLE_STRICT_OBJC_MSGSEND = YES;
				ENABLE_TESTABILITY = YES;
				GCC_C_LANGUAGE_STANDARD = gnu11;
				GCC_DYNAMIC_NO_PIC = NO;
				GCC_NO_COMMON_BLOCKS = YES;
				GCC_OPTIMIZATION_LEVEL = 0;
				GCC_PREPROCESSOR_DEFINITIONS = (
					"DEBUG=1",
					"$(inherited)",
				);
				GCC_WARN_64_TO_32_BIT_CONVERSION = YES;
				GCC_WARN_ABOUT_RETURN_TYPE = YES_ERROR;
				GCC_WARN_UNDECLARED_SELECTOR = YES;
				GCC_WARN_UNINITIALIZED_AUTOS = YES_AGGRESSIVE;
				GCC_WARN_UNUSED_FUNCTION = YES;
				GCC_WARN_UNUSED_VARIABLE = YES;
				IPHONEOS_DEPLOYMENT_TARGET = 15.5;
				MTL_ENABLE_DEBUG_INFO = INCLUDE_SOURCE;
				MTL_FAST_MATH = YES;
				ONLY_ACTIVE_ARCH = YES;
				SDKROOT = iphoneos;
				SWIFT_ACTIVE_COMPILATION_CONDITIONS = DEBUG;
				SWIFT_OPTIMIZATION_LEVEL = "-Onone";
			};
			name = Debug;
		};
		594F5EB42A9BEFF30081031C /* Release */ = {
			isa = XCBuildConfiguration;
			buildSettings = {
				ALWAYS_SEARCH_USER_PATHS = NO;
				CLANG_ANALYZER_NONNULL = YES;
				CLANG_ANALYZER_NUMBER_OBJECT_CONVERSION = YES_AGGRESSIVE;
				CLANG_CXX_LANGUAGE_STANDARD = "gnu++17";
				CLANG_ENABLE_MODULES = YES;
				CLANG_ENABLE_OBJC_ARC = YES;
				CLANG_ENABLE_OBJC_WEAK = YES;
				CLANG_WARN_BLOCK_CAPTURE_AUTORELEASING = YES;
				CLANG_WARN_BOOL_CONVERSION = YES;
				CLANG_WARN_COMMA = YES;
				CLANG_WARN_CONSTANT_CONVERSION = YES;
				CLANG_WARN_DEPRECATED_OBJC_IMPLEMENTATIONS = YES;
				CLANG_WARN_DIRECT_OBJC_ISA_USAGE = YES_ERROR;
				CLANG_WARN_DOCUMENTATION_COMMENTS = YES;
				CLANG_WARN_EMPTY_BODY = YES;
				CLANG_WARN_ENUM_CONVERSION = YES;
				CLANG_WARN_INFINITE_RECURSION = YES;
				CLANG_WARN_INT_CONVERSION = YES;
				CLANG_WARN_NON_LITERAL_NULL_CONVERSION = YES;
				CLANG_WARN_OBJC_IMPLICIT_RETAIN_SELF = YES;
				CLANG_WARN_OBJC_LITERAL_CONVERSION = YES;
				CLANG_WARN_OBJC_ROOT_CLASS = YES_ERROR;
				CLANG_WARN_QUOTED_INCLUDE_IN_FRAMEWORK_HEADER = YES;
				CLANG_WARN_RANGE_LOOP_ANALYSIS = YES;
				CLANG_WARN_STRICT_PROTOTYPES = YES;
				CLANG_WARN_SUSPICIOUS_MOVE = YES;
				CLANG_WARN_UNGUARDED_AVAILABILITY = YES_AGGRESSIVE;
				CLANG_WARN_UNREACHABLE_CODE = YES;
				CLANG_WARN__DUPLICATE_METHOD_MATCH = YES;
				COPY_PHASE_STRIP = NO;
				DEBUG_INFORMATION_FORMAT = "dwarf-with-dsym";
				ENABLE_NS_ASSERTIONS = NO;
				ENABLE_STRICT_OBJC_MSGSEND = YES;
				GCC_C_LANGUAGE_STANDARD = gnu11;
				GCC_NO_COMMON_BLOCKS = YES;
				GCC_WARN_64_TO_32_BIT_CONVERSION = YES;
				GCC_WARN_ABOUT_RETURN_TYPE = YES_ERROR;
				GCC_WARN_UNDECLARED_SELECTOR = YES;
				GCC_WARN_UNINITIALIZED_AUTOS = YES_AGGRESSIVE;
				GCC_WARN_UNUSED_FUNCTION = YES;
				GCC_WARN_UNUSED_VARIABLE = YES;
				IPHONEOS_DEPLOYMENT_TARGET = 15.5;
				MTL_ENABLE_DEBUG_INFO = NO;
				MTL_FAST_MATH = YES;
				SDKROOT = iphoneos;
				SWIFT_COMPILATION_MODE = wholemodule;
				SWIFT_OPTIMIZATION_LEVEL = "-O";
				VALIDATE_PRODUCT = YES;
			};
			name = Release;
		};
		594F5EB62A9BEFF30081031C /* Debug */ = {
			isa = XCBuildConfiguration;
			buildSettings = {
				ASSETCATALOG_COMPILER_APPICON_NAME = AppIcon;
				ASSETCATALOG_COMPILER_GLOBAL_ACCENT_COLOR_NAME = AccentColor;
				CODE_SIGN_STYLE = Automatic;
				CURRENT_PROJECT_VERSION = 1;
				DEVELOPMENT_TEAM = 3U52ZX6J4K;
				GENERATE_INFOPLIST_FILE = YES;
				INFOPLIST_FILE = Counter/Info.plist;
				INFOPLIST_KEY_UIApplicationSupportsIndirectInputEvents = YES;
				INFOPLIST_KEY_UILaunchStoryboardName = LaunchScreen;
				INFOPLIST_KEY_UIMainStoryboardFile = Main;
				INFOPLIST_KEY_UISupportedInterfaceOrientations_iPad = "UIInterfaceOrientationPortrait UIInterfaceOrientationPortraitUpsideDown UIInterfaceOrientationLandscapeLeft UIInterfaceOrientationLandscapeRight";
				INFOPLIST_KEY_UISupportedInterfaceOrientations_iPhone = "UIInterfaceOrientationPortrait UIInterfaceOrientationLandscapeLeft UIInterfaceOrientationLandscapeRight";
				LD_RUNPATH_SEARCH_PATHS = (
					"$(inherited)",
					"@executable_path/Frameworks",
				);
				MARKETING_VERSION = 1.0;
				PRODUCT_BUNDLE_IDENTIFIER = test.Counter;
				PRODUCT_NAME = "$(TARGET_NAME)";
				SWIFT_EMIT_LOC_STRINGS = YES;
				SWIFT_VERSION = 5.0;
				TARGETED_DEVICE_FAMILY = "1,2";
			};
			name = Debug;
		};
		594F5EB72A9BEFF30081031C /* Release */ = {
			isa = XCBuildConfiguration;
			buildSettings = {
				ASSETCATALOG_COMPILER_APPICON_NAME = AppIcon;
				ASSETCATALOG_COMPILER_GLOBAL_ACCENT_COLOR_NAME = AccentColor;
				CODE_SIGN_STYLE = Automatic;
				CURRENT_PROJECT_VERSION = 1;
				DEVELOPMENT_TEAM = 3U52ZX6J4K;
				GENERATE_INFOPLIST_FILE = YES;
				INFOPLIST_FILE = Counter/Info.plist;
				INFOPLIST_KEY_UIApplicationSupportsIndirectInputEvents = YES;
				INFOPLIST_KEY_UILaunchStoryboardName = LaunchScreen;
				INFOPLIST_KEY_UIMainStoryboardFile = Main;
				INFOPLIST_KEY_UISupportedInterfaceOrientations_iPad = "UIInterfaceOrientationPortrait UIInterfaceOrientationPortraitUpsideDown UIInterfaceOrientationLandscapeLeft UIInterfaceOrientationLandscapeRight";
				INFOPLIST_KEY_UISupportedInterfaceOrientations_iPhone = "UIInterfaceOrientationPortrait UIInterfaceOrientationLandscapeLeft UIInterfaceOrientationLandscapeRight";
				LD_RUNPATH_SEARCH_PATHS = (
					"$(inherited)",
					"@executable_path/Frameworks",
				);
				MARKETING_VERSION = 1.0;
				PRODUCT_BUNDLE_IDENTIFIER = test.Counter;
				PRODUCT_NAME = "$(TARGET_NAME)";
				SWIFT_EMIT_LOC_STRINGS = YES;
				SWIFT_VERSION = 5.0;
				TARGETED_DEVICE_FAMILY = "1,2";
			};
			name = Release;
		};
		594F5EB92A9BEFF30081031C /* Debug */ = {
			isa = XCBuildConfiguration;
			buildSettings = {
				ALWAYS_EMBED_SWIFT_STANDARD_LIBRARIES = YES;
				BUNDLE_LOADER = "$(TEST_HOST)";
				CODE_SIGN_STYLE = Automatic;
				CURRENT_PROJECT_VERSION = 1;
				DEVELOPMENT_TEAM = 3U52ZX6J4K;
				GENERATE_INFOPLIST_FILE = YES;
				IPHONEOS_DEPLOYMENT_TARGET = 15.5;
				MARKETING_VERSION = 1.0;
				PRODUCT_BUNDLE_IDENTIFIER = test.CounterTests;
				PRODUCT_NAME = "$(TARGET_NAME)";
				SWIFT_EMIT_LOC_STRINGS = NO;
				SWIFT_VERSION = 5.0;
				TARGETED_DEVICE_FAMILY = "1,2";
				TEST_HOST = "$(BUILT_PRODUCTS_DIR)/Counter.app/Counter";
			};
			name = Debug;
		};
		594F5EBA2A9BEFF30081031C /* Release */ = {
			isa = XCBuildConfiguration;
			buildSettings = {
				ALWAYS_EMBED_SWIFT_STANDARD_LIBRARIES = YES;
				BUNDLE_LOADER = "$(TEST_HOST)";
				CODE_SIGN_STYLE = Automatic;
				CURRENT_PROJECT_VERSION = 1;
				DEVELOPMENT_TEAM = 3U52ZX6J4K;
				GENERATE_INFOPLIST_FILE = YES;
				IPHONEOS_DEPLOYMENT_TARGET = 15.5;
				MARKETING_VERSION = 1.0;
				PRODUCT_BUNDLE_IDENTIFIER = test.CounterTests;
				PRODUCT_NAME = "$(TARGET_NAME)";
				SWIFT_EMIT_LOC_STRINGS = NO;
				SWIFT_VERSION = 5.0;
				TARGETED_DEVICE_FAMILY = "1,2";
				TEST_HOST = "$(BUILT_PRODUCTS_DIR)/Counter.app/Counter";
			};
			name = Release;
		};
		594F5EBC2A9BEFF30081031C /* Debug */ = {
			isa = XCBuildConfiguration;
			buildSettings = {
				ALWAYS_EMBED_SWIFT_STANDARD_LIBRARIES = YES;
				CODE_SIGN_STYLE = Automatic;
				CURRENT_PROJECT_VERSION = 1;
				DEVELOPMENT_TEAM = 3U52ZX6J4K;
				GENERATE_INFOPLIST_FILE = YES;
				MARKETING_VERSION = 1.0;
				PRODUCT_BUNDLE_IDENTIFIER = test.CounterUITests;
				PRODUCT_NAME = "$(TARGET_NAME)";
				SWIFT_EMIT_LOC_STRINGS = NO;
				SWIFT_VERSION = 5.0;
				TARGETED_DEVICE_FAMILY = "1,2";
				TEST_TARGET_NAME = Counter;
			};
			name = Debug;
		};
		594F5EBD2A9BEFF30081031C /* Release */ = {
			isa = XCBuildConfiguration;
			buildSettings = {
				ALWAYS_EMBED_SWIFT_STANDARD_LIBRARIES = YES;
				CODE_SIGN_STYLE = Automatic;
				CURRENT_PROJECT_VERSION = 1;
				DEVELOPMENT_TEAM = 3U52ZX6J4K;
				GENERATE_INFOPLIST_FILE = YES;
				MARKETING_VERSION = 1.0;
				PRODUCT_BUNDLE_IDENTIFIER = test.CounterUITests;
				PRODUCT_NAME = "$(TARGET_NAME)";
				SWIFT_EMIT_LOC_STRINGS = NO;
				SWIFT_VERSION = 5.0;
				TARGETED_DEVICE_FAMILY = "1,2";
				TEST_TARGET_NAME = Counter;
			};
			name = Release;
		};
/* End XCBuildConfiguration section */

/* Begin XCConfigurationList section */
		594F5E862A9BEFEE0081031C /* Build configuration list for PBXProject "Counter" */ = {
			isa = XCConfigurationList;
			buildConfigurations = (
				594F5EB32A9BEFF30081031C /* Debug */,
				594F5EB42A9BEFF30081031C /* Release */,
			);
			defaultConfigurationIsVisible = 0;
			defaultConfigurationName = Release;
		};
		594F5EB52A9BEFF30081031C /* Build configuration list for PBXNativeTarget "Counter" */ = {
			isa = XCConfigurationList;
			buildConfigurations = (
				594F5EB62A9BEFF30081031C /* Debug */,
				594F5EB72A9BEFF30081031C /* Release */,
			);
			defaultConfigurationIsVisible = 0;
			defaultConfigurationName = Release;
		};
		594F5EB82A9BEFF30081031C /* Build configuration list for PBXNativeTarget "CounterTests" */ = {
			isa = XCConfigurationList;
			buildConfigurations = (
				594F5EB92A9BEFF30081031C /* Debug */,
				594F5EBA2A9BEFF30081031C /* Release */,
			);
			defaultConfigurationIsVisible = 0;
			defaultConfigurationName = Release;
		};
		594F5EBB2A9BEFF30081031C /* Build configuration list for PBXNativeTarget "CounterUITests" */ = {
			isa = XCConfigurationList;
			buildConfigurations = (
				594F5EBC2A9BEFF30081031C /* Debug */,
				594F5EBD2A9BEFF30081031C /* Release */,
			);
			defaultConfigurationIsVisible = 0;
			defaultConfigurationName = Release;
		};
/* End XCConfigurationList section */
	};
	rootObject = 594F5E832A9BEFEE0081031C /* Project object */;
}
